
Microsoft Visual Studio Solution File, Format Version 12.00
# Visual Studio Version 17
VisualStudioVersion = 17.3.32922.545
MinimumVisualStudioVersion = 10.0.40219.1
Project("{FAE04EC0-301F-11D3-BF4B-00C04F79EFBC}") = "PSSC_Project", "PSSC_Project.csproj", "{11A77BB0-2A1C-4DD3-99B6-7C7AB03D6FB3}"
EndProject
Project("{FAE04EC0-301F-11D3-BF4B-00C04F79EFBC}") = "OrderProcessing.Domain", "..\OrderProcessing.Domain\OrderProcessing.Domain.csproj", "{254178A8-2F7B-4FB0-8191-A6EC55761B43}"
EndProject
Global
	GlobalSection(SolutionConfigurationPlatforms) = preSolution
		Debug|Any CPU = Debug|Any CPU
		Release|Any CPU = Release|Any CPU
	EndGlobalSection
	GlobalSection(ProjectConfigurationPlatforms) = postSolution
		{11A77BB0-2A1C-4DD3-99B6-7C7AB03D6FB3}.Debug|Any CPU.ActiveCfg = Debug|Any CPU
		{11A77BB0-2A1C-4DD3-99B6-7C7AB03D6FB3}.Debug|Any CPU.Build.0 = Debug|Any CPU
		{11A77BB0-2A1C-4DD3-99B6-7C7AB03D6FB3}.Release|Any CPU.ActiveCfg = Release|Any CPU
		{11A77BB0-2A1C-4DD3-99B6-7C7AB03D6FB3}.Release|Any CPU.Build.0 = Release|Any CPU
		{254178A8-2F7B-4FB0-8191-A6EC55761B43}.Debug|Any CPU.ActiveCfg = Debug|Any CPU
		{254178A8-2F7B-4FB0-8191-A6EC55761B43}.Debug|Any CPU.Build.0 = Debug|Any CPU
		{254178A8-2F7B-4FB0-8191-A6EC55761B43}.Release|Any CPU.ActiveCfg = Release|Any CPU
		{254178A8-2F7B-4FB0-8191-A6EC55761B43}.Release|Any CPU.Build.0 = Release|Any CPU
	EndGlobalSection
	GlobalSection(SolutionProperties) = preSolution
		HideSolutionNode = FALSE
	EndGlobalSection
	GlobalSection(ExtensibilityGlobals) = postSolution
		SolutionGuid = {E992E06E-29BF-4EA6-8DCC-063F00CEC798}
	EndGlobalSection
EndGlobal
